
Microsoft Visual Studio Solution File, Format Version 12.00
# Visual Studio Version 17
VisualStudioVersion = 17.0.31903.59
MinimumVisualStudioVersion = 10.0.40219.1
Project("{2150E333-8FDC-42A3-9474-1A3956D46DE8}") = "src", "src", "{827E0CD3-B72D-47B6-A68D-7590B98EB39B}"
EndProject
Project("{FAE04EC0-301F-11D3-BF4B-00C04F79EFBC}") = "Lucy.Auth.Api", "src\Lucy.Auth.Api\Lucy.Auth.Api.csproj", "{D37DBB27-5E0E-46D3-884E-192503AFBE98}"
EndProject
Project("{FAE04EC0-301F-11D3-BF4B-00C04F79EFBC}") = "Lucy.Payment.Api", "src\Lucy.Payment.Api\Lucy.Payment.Api.csproj", "{6872B0EB-E9D4-4D1C-B560-D51363431CC4}"
EndProject
Project("{FAE04EC0-301F-11D3-BF4B-00C04F79EFBC}") = "Lucy.Shared", "src\Lucy.Shared\Lucy.Shared.csproj", "{10C7AFD1-AA55-4C83-95C4-D0375EC7F061}"
EndProject
Global
	GlobalSection(SolutionConfigurationPlatforms) = preSolution
		Debug|Any CPU = Debug|Any CPU
		Debug|x64 = Debug|x64
		Debug|x86 = Debug|x86
		Release|Any CPU = Release|Any CPU
		Release|x64 = Release|x64
		Release|x86 = Release|x86
	EndGlobalSection
	GlobalSection(ProjectConfigurationPlatforms) = postSolution
		{D37DBB27-5E0E-46D3-884E-192503AFBE98}.Debug|Any CPU.ActiveCfg = Debug|Any CPU
		{D37DBB27-5E0E-46D3-884E-192503AFBE98}.Debug|Any CPU.Build.0 = Debug|Any CPU
		{D37DBB27-5E0E-46D3-884E-192503AFBE98}.Debug|x64.ActiveCfg = Debug|Any CPU
		{D37DBB27-5E0E-46D3-884E-192503AFBE98}.Debug|x64.Build.0 = Debug|Any CPU
		{D37DBB27-5E0E-46D3-884E-192503AFBE98}.Debug|x86.ActiveCfg = Debug|Any CPU
		{D37DBB27-5E0E-46D3-884E-192503AFBE98}.Debug|x86.Build.0 = Debug|Any CPU
		{D37DBB27-5E0E-46D3-884E-192503AFBE98}.Release|Any CPU.ActiveCfg = Release|Any CPU
		{D37DBB27-5E0E-46D3-884E-192503AFBE98}.Release|Any CPU.Build.0 = Release|Any CPU
		{D37DBB27-5E0E-46D3-884E-192503AFBE98}.Release|x64.ActiveCfg = Release|Any CPU
		{D37DBB27-5E0E-46D3-884E-192503AFBE98}.Release|x64.Build.0 = Release|Any CPU
		{D37DBB27-5E0E-46D3-884E-192503AFBE98}.Release|x86.ActiveCfg = Release|Any CPU
		{D37DBB27-5E0E-46D3-884E-192503AFBE98}.Release|x86.Build.0 = Release|Any CPU
		{6872B0EB-E9D4-4D1C-B560-D51363431CC4}.Debug|Any CPU.ActiveCfg = Debug|Any CPU
		{6872B0EB-E9D4-4D1C-B560-D51363431CC4}.Debug|Any CPU.Build.0 = Debug|Any CPU
		{6872B0EB-E9D4-4D1C-B560-D51363431CC4}.Debug|x64.ActiveCfg = Debug|Any CPU
		{6872B0EB-E9D4-4D1C-B560-D51363431CC4}.Debug|x64.Build.0 = Debug|Any CPU
		{6872B0EB-E9D4-4D1C-B560-D51363431CC4}.Debug|x86.ActiveCfg = Debug|Any CPU
		{6872B0EB-E9D4-4D1C-B560-D51363431CC4}.Debug|x86.Build.0 = Debug|Any CPU
		{6872B0EB-E9D4-4D1C-B560-D51363431CC4}.Release|Any CPU.ActiveCfg = Release|Any CPU
		{6872B0EB-E9D4-4D1C-B560-D51363431CC4}.Release|Any CPU.Build.0 = Release|Any CPU
		{6872B0EB-E9D4-4D1C-B560-D51363431CC4}.Release|x64.ActiveCfg = Release|Any CPU
		{6872B0EB-E9D4-4D1C-B560-D51363431CC4}.Release|x64.Build.0 = Release|Any CPU
		{6872B0EB-E9D4-4D1C-B560-D51363431CC4}.Release|x86.ActiveCfg = Release|Any CPU
		{6872B0EB-E9D4-4D1C-B560-D51363431CC4}.Release|x86.Build.0 = Release|Any CPU
		{10C7AFD1-AA55-4C83-95C4-D0375EC7F061}.Debug|Any CPU.ActiveCfg = Debug|Any CPU
		{10C7AFD1-AA55-4C83-95C4-D0375EC7F061}.Debug|Any CPU.Build.0 = Debug|Any CPU
		{10C7AFD1-AA55-4C83-95C4-D0375EC7F061}.Debug|x64.ActiveCfg = Debug|Any CPU
		{10C7AFD1-AA55-4C83-95C4-D0375EC7F061}.Debug|x64.Build.0 = Debug|Any CPU
		{10C7AFD1-AA55-4C83-95C4-D0375EC7F061}.Debug|x86.ActiveCfg = Debug|Any CPU
		{10C7AFD1-AA55-4C83-95C4-D0375EC7F061}.Debug|x86.Build.0 = Debug|Any CPU
		{10C7AFD1-AA55-4C83-95C4-D0375EC7F061}.Release|Any CPU.ActiveCfg = Release|Any CPU
		{10C7AFD1-AA55-4C83-95C4-D0375EC7F061}.Release|Any CPU.Build.0 = Release|Any CPU
		{10C7AFD1-AA55-4C83-95C4-D0375EC7F061}.Release|x64.ActiveCfg = Release|Any CPU
		{10C7AFD1-AA55-4C83-95C4-D0375EC7F061}.Release|x64.Build.0 = Release|Any CPU
		{10C7AFD1-AA55-4C83-95C4-D0375EC7F061}.Release|x86.ActiveCfg = Release|Any CPU
		{10C7AFD1-AA55-4C83-95C4-D0375EC7F061}.Release|x86.Build.0 = Release|Any CPU
	EndGlobalSection
	GlobalSection(SolutionProperties) = preSolution
		HideSolutionNode = FALSE
	EndGlobalSection
	GlobalSection(NestedProjects) = preSolution
		{D37DBB27-5E0E-46D3-884E-192503AFBE98} = {827E0CD3-B72D-47B6-A68D-7590B98EB39B}
		{6872B0EB-E9D4-4D1C-B560-D51363431CC4} = {827E0CD3-B72D-47B6-A68D-7590B98EB39B}
		{10C7AFD1-AA55-4C83-95C4-D0375EC7F061} = {827E0CD3-B72D-47B6-A68D-7590B98EB39B}
	EndGlobalSection
EndGlobal
